
Microsoft Visual Studio Solution File, Format Version 12.00
# Visual Studio 2015
Project("{FAE04EC0-301F-11D3-BF4B-00C04F79EFBC}") = "myweb2.CSharp", "myweb2.CSharp.csproj", "{D642EDAB-A02A-3F73-F4AB-39FF5A4968BD}"
EndProject
Project("{FAE04EC0-301F-11D3-BF4B-00C04F79EFBC}") = "myweb2.CSharp.Editor", "myweb2.CSharp.Editor.csproj", "{3E2D8CAC-EEFF-FE6C-ECA8-C8C2ECD08C2F}"
EndProject
Global
	GlobalSection(SolutionConfigurationPlatforms) = preSolution
		Debug|Any CPU = Debug|Any CPU
		Release|Any CPU = Release|Any CPU
	EndGlobalSection
	GlobalSection(ProjectConfigurationPlatforms) = postSolution
		{D642EDAB-A02A-3F73-F4AB-39FF5A4968BD}.Debug|Any CPU.ActiveCfg = Debug|Any CPU
		{D642EDAB-A02A-3F73-F4AB-39FF5A4968BD}.Debug|Any CPU.Build.0 = Debug|Any CPU
		{D642EDAB-A02A-3F73-F4AB-39FF5A4968BD}.Release|Any CPU.ActiveCfg = Release|Any CPU
		{D642EDAB-A02A-3F73-F4AB-39FF5A4968BD}.Release|Any CPU.Build.0 = Release|Any CPU
		{3E2D8CAC-EEFF-FE6C-ECA8-C8C2ECD08C2F}.Debug|Any CPU.ActiveCfg = Debug|Any CPU
		{3E2D8CAC-EEFF-FE6C-ECA8-C8C2ECD08C2F}.Debug|Any CPU.Build.0 = Debug|Any CPU
		{3E2D8CAC-EEFF-FE6C-ECA8-C8C2ECD08C2F}.Release|Any CPU.ActiveCfg = Release|Any CPU
		{3E2D8CAC-EEFF-FE6C-ECA8-C8C2ECD08C2F}.Release|Any CPU.Build.0 = Release|Any CPU
	EndGlobalSection
	GlobalSection(SolutionProperties) = preSolution
		HideSolutionNode = FALSE
	EndGlobalSection
EndGlobal
